
Microsoft Visual Studio Solution File, Format Version 12.00
# Visual Studio Version 17
VisualStudioVersion = 17.0.31903.59
MinimumVisualStudioVersion = 10.0.40219.1
Project("{9A19103F-16F7-4668-BE54-9A1E7A4F7556}") = "HW5", "HW5\HW5.csproj", "{E540950B-3543-49C3-B650-4A7E710EB7FE}"
EndProject
Project("{9A19103F-16F7-4668-BE54-9A1E7A4F7556}") = "HW5 - NxN", "HW5 - NxN\HW5 - NxN.csproj", "{E9B110C4-419B-4D9E-BCB1-D288B16EDB67}"
EndProject
Global
	GlobalSection(SolutionConfigurationPlatforms) = preSolution
		Debug|Any CPU = Debug|Any CPU
		Release|Any CPU = Release|Any CPU
	EndGlobalSection
	GlobalSection(ProjectConfigurationPlatforms) = postSolution
		{E540950B-3543-49C3-B650-4A7E710EB7FE}.Debug|Any CPU.ActiveCfg = Debug|Any CPU
		{E540950B-3543-49C3-B650-4A7E710EB7FE}.Debug|Any CPU.Build.0 = Debug|Any CPU
		{E540950B-3543-49C3-B650-4A7E710EB7FE}.Release|Any CPU.ActiveCfg = Release|Any CPU
		{E540950B-3543-49C3-B650-4A7E710EB7FE}.Release|Any CPU.Build.0 = Release|Any CPU
		{E9B110C4-419B-4D9E-BCB1-D288B16EDB67}.Debug|Any CPU.ActiveCfg = Debug|Any CPU
		{E9B110C4-419B-4D9E-BCB1-D288B16EDB67}.Debug|Any CPU.Build.0 = Debug|Any CPU
		{E9B110C4-419B-4D9E-BCB1-D288B16EDB67}.Release|Any CPU.ActiveCfg = Release|Any CPU
		{E9B110C4-419B-4D9E-BCB1-D288B16EDB67}.Release|Any CPU.Build.0 = Release|Any CPU
	EndGlobalSection
	GlobalSection(SolutionProperties) = preSolution
		HideSolutionNode = FALSE
	EndGlobalSection
	GlobalSection(ExtensibilityGlobals) = postSolution
		SolutionGuid = {EAF95D04-0EFB-482E-9C70-72826C000E85}
	EndGlobalSection
EndGlobal
